
Microsoft Visual Studio Solution File, Format Version 12.00
# Visual Studio 14
VisualStudioVersion = 14.0.25420.1
MinimumVisualStudioVersion = 10.0.40219.1
Project("{FAE04EC0-301F-11D3-BF4B-00C04F79EFBC}") = "HelloWorld.Droid", "HelloWorld\HelloWorld.Droid\HelloWorld.Droid.csproj", "{8082D73B-F426-49E8-8D44-3B09026CE81C}"
EndProject
Project("{FAE04EC0-301F-11D3-BF4B-00C04F79EFBC}") = "HelloWorld.iOS", "HelloWorld\HelloWorld.iOS\HelloWorld.iOS.csproj", "{AFFAD55D-89D3-411E-859A-B3DC0DC5B5CF}"
EndProject
Project("{FAE04EC0-301F-11D3-BF4B-00C04F79EFBC}") = "HelloWorld", "HelloWorld\HelloWorld\HelloWorld.csproj", "{6CC7DA54-8F6A-431E-A517-A99C98101BE7}"
EndProject
Global
	GlobalSection(SolutionConfigurationPlatforms) = preSolution
		Ad-Hoc|Any CPU = Ad-Hoc|Any CPU
		Ad-Hoc|iPhone = Ad-Hoc|iPhone
		Ad-Hoc|iPhoneSimulator = Ad-Hoc|iPhoneSimulator
		AppStore|Any CPU = AppStore|Any CPU
		AppStore|iPhone = AppStore|iPhone
		AppStore|iPhoneSimulator = AppStore|iPhoneSimulator
		Debug|Any CPU = Debug|Any CPU
		Debug|iPhone = Debug|iPhone
		Debug|iPhoneSimulator = Debug|iPhoneSimulator
		Release|Any CPU = Release|Any CPU
		Release|iPhone = Release|iPhone
		Release|iPhoneSimulator = Release|iPhoneSimulator
	EndGlobalSection
	GlobalSection(ProjectConfigurationPlatforms) = postSolution
		{8082D73B-F426-49E8-8D44-3B09026CE81C}.Ad-Hoc|Any CPU.ActiveCfg = Release|Any CPU
		{8082D73B-F426-49E8-8D44-3B09026CE81C}.Ad-Hoc|Any CPU.Build.0 = Release|Any CPU
		{8082D73B-F426-49E8-8D44-3B09026CE81C}.Ad-Hoc|Any CPU.Deploy.0 = Release|Any CPU
		{8082D73B-F426-49E8-8D44-3B09026CE81C}.Ad-Hoc|iPhone.ActiveCfg = Release|Any CPU
		{8082D73B-F426-49E8-8D44-3B09026CE81C}.Ad-Hoc|iPhone.Build.0 = Release|Any CPU
		{8082D73B-F426-49E8-8D44-3B09026CE81C}.Ad-Hoc|iPhone.Deploy.0 = Release|Any CPU
		{8082D73B-F426-49E8-8D44-3B09026CE81C}.Ad-Hoc|iPhoneSimulator.ActiveCfg = Release|Any CPU
		{8082D73B-F426-49E8-8D44-3B09026CE81C}.Ad-Hoc|iPhoneSimulator.Build.0 = Release|Any CPU
		{8082D73B-F426-49E8-8D44-3B09026CE81C}.Ad-Hoc|iPhoneSimulator.Deploy.0 = Release|Any CPU
		{8082D73B-F426-49E8-8D44-3B09026CE81C}.AppStore|Any CPU.ActiveCfg = Release|Any CPU
		{8082D73B-F426-49E8-8D44-3B09026CE81C}.AppStore|Any CPU.Build.0 = Release|Any CPU
		{8082D73B-F426-49E8-8D44-3B09026CE81C}.AppStore|Any CPU.Deploy.0 = Release|Any CPU
		{8082D73B-F426-49E8-8D44-3B09026CE81C}.AppStore|iPhone.ActiveCfg = Release|Any CPU
		{8082D73B-F426-49E8-8D44-3B09026CE81C}.AppStore|iPhone.Build.0 = Release|Any CPU
		{8082D73B-F426-49E8-8D44-3B09026CE81C}.AppStore|iPhone.Deploy.0 = Release|Any CPU
		{8082D73B-F426-49E8-8D44-3B09026CE81C}.AppStore|iPhoneSimulator.ActiveCfg = Release|Any CPU
		{8082D73B-F426-49E8-8D44-3B09026CE81C}.AppStore|iPhoneSimulator.Build.0 = Release|Any CPU
		{8082D73B-F426-49E8-8D44-3B09026CE81C}.AppStore|iPhoneSimulator.Deploy.0 = Release|Any CPU
		{8082D73B-F426-49E8-8D44-3B09026CE81C}.Debug|Any CPU.ActiveCfg = Debug|Any CPU
		{8082D73B-F426-49E8-8D44-3B09026CE81C}.Debug|Any CPU.Build.0 = Debug|Any CPU
		{8082D73B-F426-49E8-8D44-3B09026CE81C}.Debug|Any CPU.Deploy.0 = Debug|Any CPU
		{8082D73B-F426-49E8-8D44-3B09026CE81C}.Debug|iPhone.ActiveCfg = Debug|Any CPU
		{8082D73B-F426-49E8-8D44-3B09026CE81C}.Debug|iPhone.Build.0 = Debug|Any CPU
		{8082D73B-F426-49E8-8D44-3B09026CE81C}.Debug|iPhone.Deploy.0 = Debug|Any CPU
		{8082D73B-F426-49E8-8D44-3B09026CE81C}.Debug|iPhoneSimulator.ActiveCfg = Debug|Any CPU
		{8082D73B-F426-49E8-8D44-3B09026CE81C}.Debug|iPhoneSimulator.Build.0 = Debug|Any CPU
		{8082D73B-F426-49E8-8D44-3B09026CE81C}.Debug|iPhoneSimulator.Deploy.0 = Debug|Any CPU
		{8082D73B-F426-49E8-8D44-3B09026CE81C}.Release|Any CPU.ActiveCfg = Release|Any CPU
		{8082D73B-F426-49E8-8D44-3B09026CE81C}.Release|Any CPU.Build.0 = Release|Any CPU
		{8082D73B-F426-49E8-8D44-3B09026CE81C}.Release|Any CPU.Deploy.0 = Release|Any CPU
		{8082D73B-F426-49E8-8D44-3B09026CE81C}.Release|iPhone.ActiveCfg = Release|Any CPU
		{8082D73B-F426-49E8-8D44-3B09026CE81C}.Release|iPhone.Build.0 = Release|Any CPU
		{8082D73B-F426-49E8-8D44-3B09026CE81C}.Release|iPhone.Deploy.0 = Release|Any CPU
		{8082D73B-F426-49E8-8D44-3B09026CE81C}.Release|iPhoneSimulator.ActiveCfg = Release|Any CPU
		{8082D73B-F426-49E8-8D44-3B09026CE81C}.Release|iPhoneSimulator.Build.0 = Release|Any CPU
		{8082D73B-F426-49E8-8D44-3B09026CE81C}.Release|iPhoneSimulator.Deploy.0 = Release|Any CPU
		{AFFAD55D-89D3-411E-859A-B3DC0DC5B5CF}.Ad-Hoc|Any CPU.ActiveCfg = Ad-Hoc|iPhone
		{AFFAD55D-89D3-411E-859A-B3DC0DC5B5CF}.Ad-Hoc|iPhone.ActiveCfg = Ad-Hoc|iPhone
		{AFFAD55D-89D3-411E-859A-B3DC0DC5B5CF}.Ad-Hoc|iPhone.Build.0 = Ad-Hoc|iPhone
		{AFFAD55D-89D3-411E-859A-B3DC0DC5B5CF}.Ad-Hoc|iPhoneSimulator.ActiveCfg = Ad-Hoc|iPhoneSimulator
		{AFFAD55D-89D3-411E-859A-B3DC0DC5B5CF}.Ad-Hoc|iPhoneSimulator.Build.0 = Ad-Hoc|iPhoneSimulator
		{AFFAD55D-89D3-411E-859A-B3DC0DC5B5CF}.AppStore|Any CPU.ActiveCfg = AppStore|iPhone
		{AFFAD55D-89D3-411E-859A-B3DC0DC5B5CF}.AppStore|iPhone.ActiveCfg = AppStore|iPhone
		{AFFAD55D-89D3-411E-859A-B3DC0DC5B5CF}.AppStore|iPhone.Build.0 = AppStore|iPhone
		{AFFAD55D-89D3-411E-859A-B3DC0DC5B5CF}.AppStore|iPhoneSimulator.ActiveCfg = AppStore|iPhoneSimulator
		{AFFAD55D-89D3-411E-859A-B3DC0DC5B5CF}.AppStore|iPhoneSimulator.Build.0 = AppStore|iPhoneSimulator
		{AFFAD55D-89D3-411E-859A-B3DC0DC5B5CF}.Debug|Any CPU.ActiveCfg = Debug|iPhone
		{AFFAD55D-89D3-411E-859A-B3DC0DC5B5CF}.Debug|iPhone.ActiveCfg = Debug|iPhone
		{AFFAD55D-89D3-411E-859A-B3DC0DC5B5CF}.Debug|iPhone.Build.0 = Debug|iPhone
		{AFFAD55D-89D3-411E-859A-B3DC0DC5B5CF}.Debug|iPhoneSimulator.ActiveCfg = Debug|iPhoneSimulator
		{AFFAD55D-89D3-411E-859A-B3DC0DC5B5CF}.Debug|iPhoneSimulator.Build.0 = Debug|iPhoneSimulator
		{AFFAD55D-89D3-411E-859A-B3DC0DC5B5CF}.Release|Any CPU.ActiveCfg = Release|iPhone
		{AFFAD55D-89D3-411E-859A-B3DC0DC5B5CF}.Release|iPhone.ActiveCfg = Release|iPhone
		{AFFAD55D-89D3-411E-859A-B3DC0DC5B5CF}.Release|iPhone.Build.0 = Release|iPhone
		{AFFAD55D-89D3-411E-859A-B3DC0DC5B5CF}.Release|iPhoneSimulator.ActiveCfg = Release|iPhoneSimulator
		{AFFAD55D-89D3-411E-859A-B3DC0DC5B5CF}.Release|iPhoneSimulator.Build.0 = Release|iPhoneSimulator
		{6CC7DA54-8F6A-431E-A517-A99C98101BE7}.Ad-Hoc|Any CPU.ActiveCfg = Release|Any CPU
		{6CC7DA54-8F6A-431E-A517-A99C98101BE7}.Ad-Hoc|Any CPU.Build.0 = Release|Any CPU
		{6CC7DA54-8F6A-431E-A517-A99C98101BE7}.Ad-Hoc|iPhone.ActiveCfg = Release|Any CPU
		{6CC7DA54-8F6A-431E-A517-A99C98101BE7}.Ad-Hoc|iPhone.Build.0 = Release|Any CPU
		{6CC7DA54-8F6A-431E-A517-A99C98101BE7}.Ad-Hoc|iPhoneSimulator.ActiveCfg = Release|Any CPU
		{6CC7DA54-8F6A-431E-A517-A99C98101BE7}.Ad-Hoc|iPhoneSimulator.Build.0 = Release|Any CPU
		{6CC7DA54-8F6A-431E-A517-A99C98101BE7}.AppStore|Any CPU.ActiveCfg = Release|Any CPU
		{6CC7DA54-8F6A-431E-A517-A99C98101BE7}.AppStore|Any CPU.Build.0 = Release|Any CPU
		{6CC7DA54-8F6A-431E-A517-A99C98101BE7}.AppStore|iPhone.ActiveCfg = Release|Any CPU
		{6CC7DA54-8F6A-431E-A517-A99C98101BE7}.AppStore|iPhone.Build.0 = Release|Any CPU
		{6CC7DA54-8F6A-431E-A517-A99C98101BE7}.AppStore|iPhoneSimulator.ActiveCfg = Release|Any CPU
		{6CC7DA54-8F6A-431E-A517-A99C98101BE7}.AppStore|iPhoneSimulator.Build.0 = Release|Any CPU
		{6CC7DA54-8F6A-431E-A517-A99C98101BE7}.Debug|Any CPU.ActiveCfg = Debug|Any CPU
		{6CC7DA54-8F6A-431E-A517-A99C98101BE7}.Debug|Any CPU.Build.0 = Debug|Any CPU
		{6CC7DA54-8F6A-431E-A517-A99C98101BE7}.Debug|iPhone.ActiveCfg = Debug|Any CPU
		{6CC7DA54-8F6A-431E-A517-A99C98101BE7}.Debug|iPhone.Build.0 = Debug|Any CPU
		{6CC7DA54-8F6A-431E-A517-A99C98101BE7}.Debug|iPhoneSimulator.ActiveCfg = Debug|Any CPU
		{6CC7DA54-8F6A-431E-A517-A99C98101BE7}.Debug|iPhoneSimulator.Build.0 = Debug|Any CPU
		{6CC7DA54-8F6A-431E-A517-A99C98101BE7}.Release|Any CPU.ActiveCfg = Release|Any CPU
		{6CC7DA54-8F6A-431E-A517-A99C98101BE7}.Release|Any CPU.Build.0 = Release|Any CPU
		{6CC7DA54-8F6A-431E-A517-A99C98101BE7}.Release|iPhone.ActiveCfg = Release|Any CPU
		{6CC7DA54-8F6A-431E-A517-A99C98101BE7}.Release|iPhone.Build.0 = Release|Any CPU
		{6CC7DA54-8F6A-431E-A517-A99C98101BE7}.Release|iPhoneSimulator.ActiveCfg = Release|Any CPU
		{6CC7DA54-8F6A-431E-A517-A99C98101BE7}.Release|iPhoneSimulator.Build.0 = Release|Any CPU
	EndGlobalSection
	GlobalSection(SolutionProperties) = preSolution
		HideSolutionNode = FALSE
	EndGlobalSection
EndGlobal
